
Microsoft Visual Studio Solution File, Format Version 12.00
# Visual Studio Version 17
VisualStudioVersion = 17.0.31903.59
MinimumVisualStudioVersion = 10.0.40219.1
Project("{9A19103F-16F7-4668-BE54-9A1E7A4F7556}") = "Common.Contracts", "Common.Contracts\Common.Contracts.csproj", "{EBACE5F8-3B9B-4085-8BEE-F1D3EB19A633}"
EndProject
Project("{9A19103F-16F7-4668-BE54-9A1E7A4F7556}") = "Common.Messaging", "Common.Messaging\Common.Messaging.csproj", "{EDB3AF69-1C7D-420F-B6C3-1F0D1CF214D9}"
EndProject
Project("{9A19103F-16F7-4668-BE54-9A1E7A4F7556}") = "Common.Logging", "Common.Logging\Common.Logging.csproj", "{C7BA4F83-D710-41EB-81D7-53F1CF483516}"
EndProject
Project("{9A19103F-16F7-4668-BE54-9A1E7A4F7556}") = "Common.Auth", "Common.Auth\Common.Auth.csproj", "{0A636732-9B7B-444E-BB87-AA0D9926BE11}"
EndProject
Project("{2150E333-8FDC-42A3-9474-1A3956D46DE8}") = "AuthService", "AuthService", "{6456BED9-23E7-44B3-821F-7BD7E323B098}"
EndProject
Project("{9A19103F-16F7-4668-BE54-9A1E7A4F7556}") = "AuthService.Api", "AuthService\Api\AuthService.Api.csproj", "{77E661E8-0907-4269-B330-A1ADBAED8491}"
EndProject
Project("{9A19103F-16F7-4668-BE54-9A1E7A4F7556}") = "AuthService.Application", "AuthService\Application\AuthService.Application.csproj", "{6CF2EFD9-3BD1-4398-814F-5CA2E64E33D7}"
EndProject
Project("{9A19103F-16F7-4668-BE54-9A1E7A4F7556}") = "AuthService.Domain", "AuthService\Domain\AuthService.Domain.csproj", "{4B449DC3-127D-41C4-8D3B-1BB8E85F3503}"
EndProject
Project("{9A19103F-16F7-4668-BE54-9A1E7A4F7556}") = "AuthService.Infrastructure", "AuthService\Infrastructure\AuthService.Infrastructure.csproj", "{F8E622E4-4DC5-4825-8D94-B815188236A4}"
EndProject
Project("{9A19103F-16F7-4668-BE54-9A1E7A4F7556}") = "AuthService.Tests", "AuthService\Tests\AuthService.Tests.csproj", "{5B8E63E0-134E-4135-8DA8-0E8AF5D779CD}"
EndProject
Project("{9A19103F-16F7-4668-BE54-9A1E7A4F7556}") = "AuthService.Grpc", "AuthService\Grpc\AuthService.Grpc.csproj", "{9C5A384B-FA15-4CA1-A4EA-43DD000D578C}"
EndProject
Project("{9A19103F-16F7-4668-BE54-9A1E7A4F7556}") = "Gateway", "Gateway\Gateway.csproj", "{668189F8-4551-4D18-B18F-AD2E93071B9A}"
EndProject
Global
	GlobalSection(SolutionConfigurationPlatforms) = preSolution
		Debug|Any CPU = Debug|Any CPU
		Release|Any CPU = Release|Any CPU
	EndGlobalSection
	GlobalSection(ProjectConfigurationPlatforms) = postSolution
		{EBACE5F8-3B9B-4085-8BEE-F1D3EB19A633}.Debug|Any CPU.ActiveCfg = Debug|Any CPU
		{EBACE5F8-3B9B-4085-8BEE-F1D3EB19A633}.Debug|Any CPU.Build.0 = Debug|Any CPU
		{EBACE5F8-3B9B-4085-8BEE-F1D3EB19A633}.Release|Any CPU.ActiveCfg = Release|Any CPU
		{EBACE5F8-3B9B-4085-8BEE-F1D3EB19A633}.Release|Any CPU.Build.0 = Release|Any CPU
		{EDB3AF69-1C7D-420F-B6C3-1F0D1CF214D9}.Debug|Any CPU.ActiveCfg = Debug|Any CPU
		{EDB3AF69-1C7D-420F-B6C3-1F0D1CF214D9}.Debug|Any CPU.Build.0 = Debug|Any CPU
		{EDB3AF69-1C7D-420F-B6C3-1F0D1CF214D9}.Release|Any CPU.ActiveCfg = Release|Any CPU
		{EDB3AF69-1C7D-420F-B6C3-1F0D1CF214D9}.Release|Any CPU.Build.0 = Release|Any CPU
		{C7BA4F83-D710-41EB-81D7-53F1CF483516}.Debug|Any CPU.ActiveCfg = Debug|Any CPU
		{C7BA4F83-D710-41EB-81D7-53F1CF483516}.Debug|Any CPU.Build.0 = Debug|Any CPU
		{C7BA4F83-D710-41EB-81D7-53F1CF483516}.Release|Any CPU.ActiveCfg = Release|Any CPU
		{C7BA4F83-D710-41EB-81D7-53F1CF483516}.Release|Any CPU.Build.0 = Release|Any CPU
		{0A636732-9B7B-444E-BB87-AA0D9926BE11}.Debug|Any CPU.ActiveCfg = Debug|Any CPU
		{0A636732-9B7B-444E-BB87-AA0D9926BE11}.Debug|Any CPU.Build.0 = Debug|Any CPU
		{0A636732-9B7B-444E-BB87-AA0D9926BE11}.Release|Any CPU.ActiveCfg = Release|Any CPU
		{0A636732-9B7B-444E-BB87-AA0D9926BE11}.Release|Any CPU.Build.0 = Release|Any CPU
		{77E661E8-0907-4269-B330-A1ADBAED8491}.Debug|Any CPU.ActiveCfg = Debug|Any CPU
		{77E661E8-0907-4269-B330-A1ADBAED8491}.Debug|Any CPU.Build.0 = Debug|Any CPU
		{77E661E8-0907-4269-B330-A1ADBAED8491}.Release|Any CPU.ActiveCfg = Release|Any CPU
		{77E661E8-0907-4269-B330-A1ADBAED8491}.Release|Any CPU.Build.0 = Release|Any CPU
		{6CF2EFD9-3BD1-4398-814F-5CA2E64E33D7}.Debug|Any CPU.ActiveCfg = Debug|Any CPU
		{6CF2EFD9-3BD1-4398-814F-5CA2E64E33D7}.Debug|Any CPU.Build.0 = Debug|Any CPU
		{6CF2EFD9-3BD1-4398-814F-5CA2E64E33D7}.Release|Any CPU.ActiveCfg = Release|Any CPU
		{6CF2EFD9-3BD1-4398-814F-5CA2E64E33D7}.Release|Any CPU.Build.0 = Release|Any CPU
		{4B449DC3-127D-41C4-8D3B-1BB8E85F3503}.Debug|Any CPU.ActiveCfg = Debug|Any CPU
		{4B449DC3-127D-41C4-8D3B-1BB8E85F3503}.Debug|Any CPU.Build.0 = Debug|Any CPU
		{4B449DC3-127D-41C4-8D3B-1BB8E85F3503}.Release|Any CPU.ActiveCfg = Release|Any CPU
		{4B449DC3-127D-41C4-8D3B-1BB8E85F3503}.Release|Any CPU.Build.0 = Release|Any CPU
		{F8E622E4-4DC5-4825-8D94-B815188236A4}.Debug|Any CPU.ActiveCfg = Debug|Any CPU
		{F8E622E4-4DC5-4825-8D94-B815188236A4}.Debug|Any CPU.Build.0 = Debug|Any CPU
		{F8E622E4-4DC5-4825-8D94-B815188236A4}.Release|Any CPU.ActiveCfg = Release|Any CPU
		{F8E622E4-4DC5-4825-8D94-B815188236A4}.Release|Any CPU.Build.0 = Release|Any CPU
		{5B8E63E0-134E-4135-8DA8-0E8AF5D779CD}.Debug|Any CPU.ActiveCfg = Debug|Any CPU
		{5B8E63E0-134E-4135-8DA8-0E8AF5D779CD}.Debug|Any CPU.Build.0 = Debug|Any CPU
		{5B8E63E0-134E-4135-8DA8-0E8AF5D779CD}.Release|Any CPU.ActiveCfg = Release|Any CPU
		{5B8E63E0-134E-4135-8DA8-0E8AF5D779CD}.Release|Any CPU.Build.0 = Release|Any CPU
		{9C5A384B-FA15-4CA1-A4EA-43DD000D578C}.Debug|Any CPU.ActiveCfg = Debug|Any CPU
		{9C5A384B-FA15-4CA1-A4EA-43DD000D578C}.Debug|Any CPU.Build.0 = Debug|Any CPU
		{9C5A384B-FA15-4CA1-A4EA-43DD000D578C}.Release|Any CPU.ActiveCfg = Release|Any CPU
		{9C5A384B-FA15-4CA1-A4EA-43DD000D578C}.Release|Any CPU.Build.0 = Release|Any CPU
		{668189F8-4551-4D18-B18F-AD2E93071B9A}.Debug|Any CPU.ActiveCfg = Debug|Any CPU
		{668189F8-4551-4D18-B18F-AD2E93071B9A}.Debug|Any CPU.Build.0 = Debug|Any CPU
		{668189F8-4551-4D18-B18F-AD2E93071B9A}.Release|Any CPU.ActiveCfg = Release|Any CPU
		{668189F8-4551-4D18-B18F-AD2E93071B9A}.Release|Any CPU.Build.0 = Release|Any CPU
	EndGlobalSection
	GlobalSection(SolutionProperties) = preSolution
		HideSolutionNode = FALSE
	EndGlobalSection
	GlobalSection(NestedProjects) = preSolution
		{77E661E8-0907-4269-B330-A1ADBAED8491} = {6456BED9-23E7-44B3-821F-7BD7E323B098}
		{6CF2EFD9-3BD1-4398-814F-5CA2E64E33D7} = {6456BED9-23E7-44B3-821F-7BD7E323B098}
		{4B449DC3-127D-41C4-8D3B-1BB8E85F3503} = {6456BED9-23E7-44B3-821F-7BD7E323B098}
		{F8E622E4-4DC5-4825-8D94-B815188236A4} = {6456BED9-23E7-44B3-821F-7BD7E323B098}
		{5B8E63E0-134E-4135-8DA8-0E8AF5D779CD} = {6456BED9-23E7-44B3-821F-7BD7E323B098}
		{9C5A384B-FA15-4CA1-A4EA-43DD000D578C} = {6456BED9-23E7-44B3-821F-7BD7E323B098}
	EndGlobalSection
	GlobalSection(ExtensibilityGlobals) = postSolution
		SolutionGuid = {536BD70C-EBC9-4C3E-95E0-18E9D805FEAC}
	EndGlobalSection
EndGlobal
